
Microsoft Visual Studio Solution File, Format Version 12.00
# Visual Studio 2013
VisualStudioVersion = 12.0.31101.0
MinimumVisualStudioVersion = 10.0.40219.1
Project("{FAE04EC0-301F-11D3-BF4B-00C04F79EFBC}") = "Specification", "Specification\Specification.csproj", "{214833F3-BEE9-4833-81CD-DB0D8A1E56B6}"
	ProjectSection(ProjectDependencies) = postProject
		{F4D3EB35-AD95-4A91-8300-663A6A4255BB} = {F4D3EB35-AD95-4A91-8300-663A6A4255BB}
	EndProjectSection
EndProject
Project("{FAE04EC0-301F-11D3-BF4B-00C04F79EFBC}") = "Pomodoro", "Pomodoro\Pomodoro.csproj", "{D9D3C0CD-2FEA-4B94-9BCA-756BF3D2F712}"
EndProject
Project("{FAE04EC0-301F-11D3-BF4B-00C04F79EFBC}") = "ConsoleApp", "ConsoleApp\ConsoleApp.csproj", "{F4D3EB35-AD95-4A91-8300-663A6A4255BB}"
	ProjectSection(ProjectDependencies) = postProject
		{D9D3C0CD-2FEA-4B94-9BCA-756BF3D2F712} = {D9D3C0CD-2FEA-4B94-9BCA-756BF3D2F712}
	EndProjectSection
EndProject
Project("{2150E333-8FDC-42A3-9474-1A3956D46DE8}") = "Solution Items", "Solution Items", "{3247E81C-9C83-468A-A942-483CA40DDCEE}"
	ProjectSection(SolutionItems) = preProject
		Tarnas.ConsoleUi.dll = Tarnas.ConsoleUi.dll
	EndProjectSection
EndProject
Global
	GlobalSection(SolutionConfigurationPlatforms) = preSolution
		Debug|Any CPU = Debug|Any CPU
		Release|Any CPU = Release|Any CPU
	EndGlobalSection
	GlobalSection(ProjectConfigurationPlatforms) = postSolution
		{214833F3-BEE9-4833-81CD-DB0D8A1E56B6}.Debug|Any CPU.ActiveCfg = Debug|Any CPU
		{214833F3-BEE9-4833-81CD-DB0D8A1E56B6}.Debug|Any CPU.Build.0 = Debug|Any CPU
		{214833F3-BEE9-4833-81CD-DB0D8A1E56B6}.Release|Any CPU.ActiveCfg = Release|Any CPU
		{214833F3-BEE9-4833-81CD-DB0D8A1E56B6}.Release|Any CPU.Build.0 = Release|Any CPU
		{D9D3C0CD-2FEA-4B94-9BCA-756BF3D2F712}.Debug|Any CPU.ActiveCfg = Debug|Any CPU
		{D9D3C0CD-2FEA-4B94-9BCA-756BF3D2F712}.Debug|Any CPU.Build.0 = Debug|Any CPU
		{D9D3C0CD-2FEA-4B94-9BCA-756BF3D2F712}.Release|Any CPU.ActiveCfg = Release|Any CPU
		{D9D3C0CD-2FEA-4B94-9BCA-756BF3D2F712}.Release|Any CPU.Build.0 = Release|Any CPU
		{F4D3EB35-AD95-4A91-8300-663A6A4255BB}.Debug|Any CPU.ActiveCfg = Debug|Any CPU
		{F4D3EB35-AD95-4A91-8300-663A6A4255BB}.Debug|Any CPU.Build.0 = Debug|Any CPU
		{F4D3EB35-AD95-4A91-8300-663A6A4255BB}.Release|Any CPU.ActiveCfg = Release|Any CPU
		{F4D3EB35-AD95-4A91-8300-663A6A4255BB}.Release|Any CPU.Build.0 = Release|Any CPU
	EndGlobalSection
	GlobalSection(SolutionProperties) = preSolution
		HideSolutionNode = FALSE
	EndGlobalSection
EndGlobal
